// !$*UTF8*$!
{
	archiveVersion = 1;
	classes = {
	};
	objectVersion = 90;
	objects = {

/* Begin PBXBuildFile section */
		C00000000000000000000130 /* llama.xcframework in Frameworks */ = {isa = PBXBuildFile; fileRef = C00000000000000000000120 /* llama.xcframework */; };
		C00000000000000000000131 /* llama.xcframework in Embed Frameworks */ = {isa = PBXBuildFile; fileRef = C00000000000000000000120 /* llama.xcframework */; settings = {ATTRIBUTES = (CodeSignOnCopy, RemoveHeadersOnCopy, ); }; };
		D00000000000000000000003 /* ThinkingOrbsKit in Frameworks */ = {isa = PBXBuildFile; productRef = D00000000000000000000002 /* ThinkingOrbsKit */; };
		E00000000000000000000003 /* SnapshotTesting in Frameworks */ = {isa = PBXBuildFile; productRef = E00000000000000000000002 /* SnapshotTesting */; };
		F00000000000000000000004 /* ThinkingOrbsKit in Download Activity Widget */ = {isa = PBXBuildFile; productRef = D00000000000000000000002 /* ThinkingOrbsKit */; };
		F00000000000000000000003 /* AggieGPADownloadActivityWidget.appex in Embed Foundation Extensions */ = {isa = PBXBuildFile; fileRef = F00000000000000000000120 /* AggieGPADownloadActivityWidget.appex */; settings = {ATTRIBUTES = (RemoveHeadersOnCopy, ); }; };
/* End PBXBuildFile section */

/* Begin PBXContainerItemProxy section */
		A00000000000000160000000 /* PBXContainerItemProxy */ = {
			isa = PBXContainerItemProxy;
			containerPortal = 000000000000000000000000 /* Project object */;
			proxyType = 1;
			remoteGlobalIDString = 000000000000000100000000;
			remoteInfo = AggieGPA;
		};
		B00000000000000160000000 /* PBXContainerItemProxy */ = {
			isa = PBXContainerItemProxy;
			containerPortal = 000000000000000000000000 /* Project object */;
			proxyType = 1;
			remoteGlobalIDString = 000000000000000100000000;
			remoteInfo = AggieGPA;
		};
		F00000000000000160000000 /* PBXContainerItemProxy */ = {
			isa = PBXContainerItemProxy;
			containerPortal = 000000000000000000000000 /* Project object */;
			proxyType = 1;
			remoteGlobalIDString = F00000000000000100000000;
			remoteInfo = AggieGPADownloadActivityWidget;
		};
/* End PBXContainerItemProxy section */

/* Begin PBXCopyFilesBuildPhase section */
		000000000000000150000000 /* Embed Frameworks */ = {
			isa = PBXCopyFilesBuildPhase;
			dstPath = "";
			dstSubfolder = Frameworks;
			files = (
				C00000000000000000000131 /* llama.xcframework in Embed Frameworks */,
			);
			name = "Embed Frameworks";
		};
		F00000000000000150000000 /* Embed Foundation Extensions */ = {
			isa = PBXCopyFilesBuildPhase;
			dstPath = "";
			dstSubfolderSpec = 13;
			files = (
				F00000000000000000000003 /* AggieGPADownloadActivityWidget.appex in Embed Foundation Extensions */,
			);
			name = "Embed Foundation Extensions";
		};
/* End PBXCopyFilesBuildPhase section */

/* Begin PBXFileReference section */
		000000000000000000000120 /* AggieGPA.app */ = {isa = PBXFileReference; explicitFileType = wrapper.application; includeInIndex = 0; path = AggieGPA.app; sourceTree = BUILT_PRODUCTS_DIR; };
		A00000000000000000000120 /* AggieGPATests.xctest */ = {isa = PBXFileReference; explicitFileType = wrapper.cfbundle; includeInIndex = 0; path = AggieGPATests.xctest; sourceTree = BUILT_PRODUCTS_DIR; };
		B00000000000000000000120 /* AggieGPAUITests.xctest */ = {isa = PBXFileReference; explicitFileType = wrapper.cfbundle; includeInIndex = 0; path = AggieGPAUITests.xctest; sourceTree = BUILT_PRODUCTS_DIR; };
		C00000000000000000000120 /* llama.xcframework */ = {isa = PBXFileReference; explicitFileType = wrapper.xcframework; includeInIndex = 0; path = llama.xcframework; sourceTree = "<group>"; };
		F00000000000000000000120 /* AggieGPADownloadActivityWidget.appex */ = {isa = PBXFileReference; explicitFileType = wrapper.app-extension; includeInIndex = 0; path = AggieGPADownloadActivityWidget.appex; sourceTree = BUILT_PRODUCTS_DIR; };
/* End PBXFileReference section */

/* Begin PBXFileSystemSynchronizedRootGroup section */
		000000000000000000000010 /* AggieGPA */ = {
			isa = PBXFileSystemSynchronizedRootGroup;
			path = AggieGPA;
			sourceTree = "<group>";
		};
		A00000000000000000000010 /* AggieGPATests */ = {
			isa = PBXFileSystemSynchronizedRootGroup;
			path = AggieGPATests;
			sourceTree = "<group>";
		};
		B00000000000000000000010 /* AggieGPAUITests */ = {
			isa = PBXFileSystemSynchronizedRootGroup;
			path = AggieGPAUITests;
			sourceTree = "<group>";
		};
		F00000000000000000000010 /* AggieGPADownloadActivityWidget */ = {
			isa = PBXFileSystemSynchronizedRootGroup;
			path = AggieGPADownloadActivityWidget;
			sourceTree = "<group>";
		};
/* End PBXFileSystemSynchronizedRootGroup section */

/* Begin PBXFrameworksBuildPhase section */
		000000000000000130000000 /* Frameworks */ = {
			isa = PBXFrameworksBuildPhase;
			files = (
				C00000000000000000000130 /* llama.xcframework in Frameworks */,
				D00000000000000000000003 /* ThinkingOrbsKit in Frameworks */,
			);
		};
		A00000000000000130000000 /* Frameworks */ = {
			isa = PBXFrameworksBuildPhase;
			files = (
				E00000000000000000000003 /* SnapshotTesting in Frameworks */,
			);
		};
		B00000000000000130000000 /* Frameworks */ = {
			isa = PBXFrameworksBuildPhase;
			files = (
			);
		};
		F00000000000000130000000 /* Frameworks */ = {
			isa = PBXFrameworksBuildPhase;
			files = (
				F00000000000000000000004 /* ThinkingOrbsKit in Download Activity Widget */,
			);
		};
/* End PBXFrameworksBuildPhase section */

/* Begin PBXGroup section */
		000000000000000000000001 = {
			isa = PBXGroup;
			children = (
				000000000000000000000010 /* AggieGPA */,
				A00000000000000000000010 /* AggieGPATests */,
				B00000000000000000000010 /* AggieGPAUITests */,
				F00000000000000000000010 /* AggieGPADownloadActivityWidget */,
				C00000000000000000000001 /* Packages */,
				000000000000000000000020 /* Products */,
			);
			sourceTree = "<group>";
		};
		000000000000000000000020 /* Products */ = {
			isa = PBXGroup;
			children = (
				000000000000000000000120 /* AggieGPA.app */,
				A00000000000000000000120 /* AggieGPATests.xctest */,
				B00000000000000000000120 /* AggieGPAUITests.xctest */,
				F00000000000000000000120 /* AggieGPADownloadActivityWidget.appex */,
			);
			name = Products;
			sourceTree = "<group>";
		};
		C00000000000000000000001 /* Packages */ = {
			isa = PBXGroup;
			children = (
				C00000000000000000000002 /* LlamaRuntimeIOS */,
			);
			path = Packages;
			sourceTree = "<group>";
		};
		C00000000000000000000002 /* LlamaRuntimeIOS */ = {
			isa = PBXGroup;
			children = (
				C00000000000000000000120 /* llama.xcframework */,
			);
			path = LlamaRuntimeIOS;
			sourceTree = "<group>";
		};
/* End PBXGroup section */

/* Begin PBXNativeTarget section */
		000000000000000100000000 /* AggieGPA */ = {
			isa = PBXNativeTarget;
			buildConfigurationList = 000000000000000110000000 /* Build configuration list for PBXNativeTarget "AggieGPA" */;
			buildPhases = (
				000000000000000120000000 /* Sources */,
				000000000000000130000000 /* Frameworks */,
				000000000000000140000000 /* Resources */,
				000000000000000150000000 /* Embed Frameworks */,
				F00000000000000150000000 /* Embed Foundation Extensions */,
			);
			buildRules = (
			);
			fileSystemSynchronizedGroups = (
				000000000000000000000010 /* AggieGPA */,
			);
			name = AggieGPA;
			packageProductDependencies = (
				D00000000000000000000002 /* ThinkingOrbsKit */,
			);
			dependencies = (
				F00000000000000170000000 /* PBXTargetDependency */,
			);
			productName = AggieGPA;
			productReference = 000000000000000000000120 /* AggieGPA.app */;
			productType = "com.apple.product-type.application";
		};
		A00000000000000100000000 /* AggieGPATests */ = {
			isa = PBXNativeTarget;
			buildConfigurationList = A00000000000000110000000 /* Build configuration list for PBXNativeTarget "AggieGPATests" */;
			buildPhases = (
				A00000000000000120000000 /* Sources */,
				A00000000000000130000000 /* Frameworks */,
				A00000000000000140000000 /* Resources */,
			);
			buildRules = (
			);
			dependencies = (
				A00000000000000150000000 /* PBXTargetDependency */,
			);
			fileSystemSynchronizedGroups = (
				A00000000000000000000010 /* AggieGPATests */,
			);
			name = AggieGPATests;
			packageProductDependencies = (
				E00000000000000000000002 /* SnapshotTesting */,
			);
			productName = AggieGPATests;
			productReference = A00000000000000000000120 /* AggieGPATests.xctest */;
			productType = "com.apple.product-type.bundle.unit-test";
		};
		B00000000000000100000000 /* AggieGPAUITests */ = {
			isa = PBXNativeTarget;
			buildConfigurationList = B00000000000000110000000 /* Build configuration list for PBXNativeTarget "AggieGPAUITests" */;
			buildPhases = (
				B00000000000000120000000 /* Sources */,
				B00000000000000130000000 /* Frameworks */,
				B00000000000000140000000 /* Resources */,
			);
			buildRules = (
			);
			dependencies = (
				B00000000000000150000000 /* PBXTargetDependency */,
			);
			fileSystemSynchronizedGroups = (
				B00000000000000000000010 /* AggieGPAUITests */,
			);
			name = AggieGPAUITests;
			productName = AggieGPAUITests;
			productReference = B00000000000000000000120 /* AggieGPAUITests.xctest */;
			productType = "com.apple.product-type.bundle.ui-testing";
		};
		F00000000000000100000000 /* AggieGPADownloadActivityWidget */ = {
			isa = PBXNativeTarget;
			buildConfigurationList = F00000000000000110000000 /* Build configuration list for PBXNativeTarget "AggieGPADownloadActivityWidget" */;
			buildPhases = (
				F00000000000000120000000 /* Sources */,
				F00000000000000130000000 /* Frameworks */,
				F00000000000000140000000 /* Resources */,
			);
			buildRules = (
			);
			fileSystemSynchronizedGroups = (
				F00000000000000000000010 /* AggieGPADownloadActivityWidget */,
			);
			name = AggieGPADownloadActivityWidget;
			packageProductDependencies = (
				D00000000000000000000002 /* ThinkingOrbsKit */,
			);
			productName = AggieGPADownloadActivityWidget;
			productReference = F00000000000000000000120 /* AggieGPADownloadActivityWidget.appex */;
			productType = "com.apple.product-type.app-extension";
		};
/* End PBXNativeTarget section */

/* Begin PBXProject section */
		000000000000000000000000 /* Project object */ = {
			isa = PBXProject;
			attributes = {
				BuildIndependentTargetsInParallel = 1;
				LastSwiftUpdateCheck = 2630;
				LastUpgradeCheck = 2700;
				TargetAttributes = {
					000000000000000100000000 = {
						CreatedOnToolsVersion = 26.3;
					};
					A00000000000000100000000 = {
						CreatedOnToolsVersion = 27.0;
						TestTargetID = 000000000000000100000000;
					};
					B00000000000000100000000 = {
						CreatedOnToolsVersion = 27.0;
						TestTargetID = 000000000000000100000000;
					};
					F00000000000000100000000 = {
						CreatedOnToolsVersion = 27.0;
					};
				};
			};
			buildConfigurationList = 000000000000000010000000 /* Build configuration list for PBXProject "AggieGPA" */;
			developmentRegion = en;
			hasScannedForEncodings = 0;
			knownRegions = (
				en,
				Base,
				"zh-Hans",
			);
			mainGroup = 000000000000000000000001;
			minimizedProjectReferenceProxies = 1;
			packageReferences = (
				D00000000000000000000001 /* XCLocalSwiftPackageReference "ThirdParty/ThinkingOrbsKit" */,
				E00000000000000000000001 /* XCRemoteSwiftPackageReference "swift-snapshot-testing" */,
			);
			preferredProjectObjectVersion = 90;
			productRefGroup = 000000000000000000000020 /* Products */;
			projectDirPath = "";
			projectRoot = "";
				targets = (
					000000000000000100000000 /* AggieGPA */,
					A00000000000000100000000 /* AggieGPATests */,
					B00000000000000100000000 /* AggieGPAUITests */,
					F00000000000000100000000 /* AggieGPADownloadActivityWidget */,
				);
		};
/* End PBXProject section */

/* Begin PBXResourcesBuildPhase section */
		000000000000000140000000 /* Resources */ = {
			isa = PBXResourcesBuildPhase;
			files = (
			);
		};
		A00000000000000140000000 /* Resources */ = {
			isa = PBXResourcesBuildPhase;
			files = (
			);
		};
		B00000000000000140000000 /* Resources */ = {
			isa = PBXResourcesBuildPhase;
			files = (
			);
		};
		F00000000000000140000000 /* Resources */ = {
			isa = PBXResourcesBuildPhase;
			files = (
			);
		};
/* End PBXResourcesBuildPhase section */

/* Begin PBXSourcesBuildPhase section */
		000000000000000120000000 /* Sources */ = {
			isa = PBXSourcesBuildPhase;
			files = (
			);
		};
		A00000000000000120000000 /* Sources */ = {
			isa = PBXSourcesBuildPhase;
			files = (
			);
		};
		B00000000000000120000000 /* Sources */ = {
			isa = PBXSourcesBuildPhase;
			files = (
			);
		};
		F00000000000000120000000 /* Sources */ = {
			isa = PBXSourcesBuildPhase;
			files = (
			);
		};
/* End PBXSourcesBuildPhase section */

/* Begin PBXTargetDependency section */
		A00000000000000150000000 /* PBXTargetDependency */ = {
			isa = PBXTargetDependency;
			target = 000000000000000100000000 /* AggieGPA */;
			targetProxy = A00000000000000160000000 /* PBXContainerItemProxy */;
		};
		B00000000000000150000000 /* PBXTargetDependency */ = {
			isa = PBXTargetDependency;
			target = 000000000000000100000000 /* AggieGPA */;
			targetProxy = B00000000000000160000000 /* PBXContainerItemProxy */;
		};
		F00000000000000170000000 /* PBXTargetDependency */ = {
			isa = PBXTargetDependency;
			target = F00000000000000100000000 /* AggieGPADownloadActivityWidget */;
			targetProxy = F00000000000000160000000 /* PBXContainerItemProxy */;
		};
/* End PBXTargetDependency section */

/* Begin XCBuildConfiguration section */
		000000000000000011000000 /* Debug configuration for PBXProject "AggieGPA" */ = {
			isa = XCBuildConfiguration;
			buildSettings = {
				ALWAYS_SEARCH_USER_PATHS = NO;
				APPLETVOS_DEPLOYMENT_TARGET = 27.0;
				ASSETCATALOG_COMPILER_GENERATE_SWIFT_ASSET_SYMBOL_EXTENSIONS = YES;
				CLANG_ANALYZER_NONNULL = YES;
				CLANG_ANALYZER_NUMBER_OBJECT_CONVERSION = YES_AGGRESSIVE;
				CLANG_CXX_LANGUAGE_STANDARD = "gnu++20";
				CLANG_ENABLE_MODULES = YES;
				CLANG_ENABLE_OBJC_ARC = YES;
				CLANG_ENABLE_OBJC_WEAK = YES;
				CLANG_WARN_BLOCK_CAPTURE_AUTORELEASING = YES;
				CLANG_WARN_BOOL_CONVERSION = YES;
				CLANG_WARN_COMMA = YES;
				CLANG_WARN_CONSTANT_CONVERSION = YES;
				CLANG_WARN_DEPRECATED_OBJC_IMPLEMENTATIONS = YES;
				CLANG_WARN_DIRECT_OBJC_ISA_USAGE = YES_ERROR;
				CLANG_WARN_DOCUMENTATION_COMMENTS = YES;
				CLANG_WARN_EMPTY_BODY = YES;
				CLANG_WARN_ENUM_CONVERSION = YES;
				CLANG_WARN_INFINITE_RECURSION = YES;
				CLANG_WARN_INT_CONVERSION = YES;
				CLANG_WARN_NON_LITERAL_NULL_CONVERSION = YES;
				CLANG_WARN_OBJC_IMPLICIT_RETAIN_SELF = YES;
				CLANG_WARN_OBJC_LITERAL_CONVERSION = YES;
				CLANG_WARN_OBJC_ROOT_CLASS = YES_ERROR;
				CLANG_WARN_QUOTED_INCLUDE_IN_FRAMEWORK_HEADER = YES;
				CLANG_WARN_RANGE_LOOP_ANALYSIS = YES;
				CLANG_WARN_STRICT_PROTOTYPES = YES;
				CLANG_WARN_SUSPICIOUS_MOVE = YES;
				CLANG_WARN_UNGUARDED_AVAILABILITY = YES_AGGRESSIVE;
				CLANG_WARN_UNREACHABLE_CODE = YES;
				CLANG_WARN__DUPLICATE_METHOD_MATCH = YES;
				COPY_PHASE_STRIP = NO;
				DEAD_CODE_STRIPPING = YES;
				DEBUG_INFORMATION_FORMAT = dwarf;
				DRIVERKIT_DEPLOYMENT_TARGET = 27.0;
				ENABLE_STRICT_OBJC_MSGSEND = YES;
				ENABLE_TESTABILITY = YES;
				ENABLE_USER_SCRIPT_SANDBOXING = YES;
				GCC_C_LANGUAGE_STANDARD = gnu17;
				GCC_DYNAMIC_NO_PIC = NO;
				GCC_NO_COMMON_BLOCKS = YES;
				GCC_OPTIMIZATION_LEVEL = 0;
				GCC_PREPROCESSOR_DEFINITIONS = (
					"DEBUG=1",
					"$(inherited)",
				);
				GCC_WARN_64_TO_32_BIT_CONVERSION = YES;
				GCC_WARN_ABOUT_RETURN_TYPE = YES_ERROR;
				GCC_WARN_UNDECLARED_SELECTOR = YES;
				GCC_WARN_UNINITIALIZED_AUTOS = YES_AGGRESSIVE;
				GCC_WARN_UNUSED_FUNCTION = YES;
				GCC_WARN_UNUSED_VARIABLE = YES;
				IPHONEOS_DEPLOYMENT_TARGET = 27.0;
				LOCALIZATION_PREFERS_STRING_CATALOGS = YES;
				MACOSX_DEPLOYMENT_TARGET = 27.0;
				MTL_ENABLE_DEBUG_INFO = INCLUDE_SOURCE;
				MTL_FAST_MATH = YES;
				ONLY_ACTIVE_ARCH = YES;
				PROJECT_UNIQUE_VALUE = KCV5X7A2;
				STRING_CATALOG_GENERATE_SYMBOLS = YES;
				SWIFT_ACTIVE_COMPILATION_CONDITIONS = "DEBUG $(inherited)";
				SWIFT_OPTIMIZATION_LEVEL = "-Onone";
				WATCHOS_DEPLOYMENT_TARGET = 27.0;
				XROS_DEPLOYMENT_TARGET = 27.0;
			};
			name = Debug;
		};
		000000000000000012000000 /* Release configuration for PBXProject "AggieGPA" */ = {
			isa = XCBuildConfiguration;
			buildSettings = {
				ALWAYS_SEARCH_USER_PATHS = NO;
				APPLETVOS_DEPLOYMENT_TARGET = 27.0;
				ASSETCATALOG_COMPILER_GENERATE_SWIFT_ASSET_SYMBOL_EXTENSIONS = YES;
				CLANG_ANALYZER_NONNULL = YES;
				CLANG_ANALYZER_NUMBER_OBJECT_CONVERSION = YES_AGGRESSIVE;
				CLANG_CXX_LANGUAGE_STANDARD = "gnu++20";
				CLANG_ENABLE_MODULES = YES;
				CLANG_ENABLE_OBJC_ARC = YES;
				CLANG_ENABLE_OBJC_WEAK = YES;
				CLANG_WARN_BLOCK_CAPTURE_AUTORELEASING = YES;
				CLANG_WARN_BOOL_CONVERSION = YES;
				CLANG_WARN_COMMA = YES;
				CLANG_WARN_CONSTANT_CONVERSION = YES;
				CLANG_WARN_DEPRECATED_OBJC_IMPLEMENTATIONS = YES;
				CLANG_WARN_DIRECT_OBJC_ISA_USAGE = YES_ERROR;
				CLANG_WARN_DOCUMENTATION_COMMENTS = YES;
				CLANG_WARN_EMPTY_BODY = YES;
				CLANG_WARN_ENUM_CONVERSION = YES;
				CLANG_WARN_INFINITE_RECURSION = YES;
				CLANG_WARN_INT_CONVERSION = YES;
				CLANG_WARN_NON_LITERAL_NULL_CONVERSION = YES;
				CLANG_WARN_OBJC_IMPLICIT_RETAIN_SELF = YES;
				CLANG_WARN_OBJC_LITERAL_CONVERSION = YES;
				CLANG_WARN_OBJC_ROOT_CLASS = YES_ERROR;
				CLANG_WARN_QUOTED_INCLUDE_IN_FRAMEWORK_HEADER = YES;
				CLANG_WARN_RANGE_LOOP_ANALYSIS = YES;
				CLANG_WARN_STRICT_PROTOTYPES = YES;
				CLANG_WARN_SUSPICIOUS_MOVE = YES;
				CLANG_WARN_UNGUARDED_AVAILABILITY = YES_AGGRESSIVE;
				CLANG_WARN_UNREACHABLE_CODE = YES;
				CLANG_WARN__DUPLICATE_METHOD_MATCH = YES;
				COPY_PHASE_STRIP = NO;
				DEAD_CODE_STRIPPING = YES;
				DEBUG_INFORMATION_FORMAT = "dwarf-with-dsym";
				DRIVERKIT_DEPLOYMENT_TARGET = 27.0;
				ENABLE_NS_ASSERTIONS = NO;
				ENABLE_STRICT_OBJC_MSGSEND = YES;
				ENABLE_USER_SCRIPT_SANDBOXING = YES;
				GCC_C_LANGUAGE_STANDARD = gnu17;
				GCC_NO_COMMON_BLOCKS = YES;
				GCC_WARN_64_TO_32_BIT_CONVERSION = YES;
				GCC_WARN_ABOUT_RETURN_TYPE = YES_ERROR;
				GCC_WARN_UNDECLARED_SELECTOR = YES;
				GCC_WARN_UNINITIALIZED_AUTOS = YES_AGGRESSIVE;
				GCC_WARN_UNUSED_FUNCTION = YES;
				GCC_WARN_UNUSED_VARIABLE = YES;
				IPHONEOS_DEPLOYMENT_TARGET = 27.0;
				LOCALIZATION_PREFERS_STRING_CATALOGS = YES;
				MACOSX_DEPLOYMENT_TARGET = 27.0;
				MTL_ENABLE_DEBUG_INFO = NO;
				MTL_FAST_MATH = YES;
				PROJECT_UNIQUE_VALUE = KCV5X7A2;
				STRING_CATALOG_GENERATE_SYMBOLS = YES;
				SWIFT_COMPILATION_MODE = wholemodule;
				WATCHOS_DEPLOYMENT_TARGET = 27.0;
				XROS_DEPLOYMENT_TARGET = 27.0;
			};
			name = Release;
		};
		000000000000000111000000 /* Debug configuration for PBXNativeTarget "AggieGPA" */ = {
			isa = XCBuildConfiguration;
			buildSettings = {
				ASSETCATALOG_COMPILER_APPICON_NAME = AppIcon;
				CODE_SIGN_ENTITLEMENTS = AggieGPA/AggieGPA.entitlements;
				CODE_SIGN_STYLE = Automatic;
				CURRENT_PROJECT_VERSION = 24;
				DEVELOPMENT_TEAM = LWND9UDGR2;
				ENABLE_PREVIEWS = YES;
				GENERATE_INFOPLIST_FILE = YES;
				INFOPLIST_KEY_CFBundleDisplayName = "Aggie GPA";
					INFOPLIST_KEY_LSApplicationCategoryType = "public.app-category.education";
					INFOPLIST_KEY_NSCameraUsageDescription = "Scan a syllabus on this device to extract grading rules.";
					INFOPLIST_KEY_NSFaceIDUsageDescription = "Use Face ID to unlock your private GPA records on this device.";
					INFOPLIST_KEY_NSSupportsLiveActivities = YES;
				"INFOPLIST_KEY_UIApplicationSceneManifest_Generation[sdk=iphoneos*]" = YES;
				"INFOPLIST_KEY_UIApplicationSceneManifest_Generation[sdk=iphonesimulator*]" = YES;
				"INFOPLIST_KEY_UIApplicationSupportsIndirectInputEvents[sdk=iphoneos*]" = YES;
				"INFOPLIST_KEY_UIApplicationSupportsIndirectInputEvents[sdk=iphonesimulator*]" = YES;
				"INFOPLIST_KEY_UILaunchScreen_Generation[sdk=iphoneos*]" = YES;
				"INFOPLIST_KEY_UILaunchScreen_Generation[sdk=iphonesimulator*]" = YES;
				"INFOPLIST_KEY_UIStatusBarStyle[sdk=iphoneos*]" = UIStatusBarStyleDefault;
				"INFOPLIST_KEY_UIStatusBarStyle[sdk=iphonesimulator*]" = UIStatusBarStyleDefault;
				INFOPLIST_KEY_UISupportedInterfaceOrientations_iPad = "UIInterfaceOrientationPortrait UIInterfaceOrientationPortraitUpsideDown UIInterfaceOrientationLandscapeLeft UIInterfaceOrientationLandscapeRight";
				INFOPLIST_KEY_UISupportedInterfaceOrientations_iPhone = "UIInterfaceOrientationPortrait UIInterfaceOrientationLandscapeLeft UIInterfaceOrientationLandscapeRight";
				LD_RUNPATH_SEARCH_PATHS = "@executable_path/Frameworks";
				"LD_RUNPATH_SEARCH_PATHS[sdk=macosx*]" = "@executable_path/../Frameworks";
				MARKETING_VERSION = 1.0.0;
				PRODUCT_BUNDLE_IDENTIFIER = com.easonzhou.aggiegpa;
				PRODUCT_NAME = "$(TARGET_NAME)";
				SDKROOT = iphoneos;
				STRING_CATALOG_GENERATE_SYMBOLS = YES;
				SUPPORTED_PLATFORMS = "iphoneos iphonesimulator";
				SWIFT_APPROACHABLE_CONCURRENCY = YES;
				SWIFT_DEFAULT_ACTOR_ISOLATION = MainActor;
				SWIFT_EMIT_LOC_STRINGS = YES;
				SWIFT_UPCOMING_FEATURE_MEMBER_IMPORT_VISIBILITY = YES;
				SWIFT_VERSION = 6.0;
				TARGETED_DEVICE_FAMILY = "1,2";
			};
			name = Debug;
		};
		000000000000000112000000 /* Release configuration for PBXNativeTarget "AggieGPA" */ = {
			isa = XCBuildConfiguration;
			buildSettings = {
				ASSETCATALOG_COMPILER_APPICON_NAME = AppIcon;
				CODE_SIGN_ENTITLEMENTS = AggieGPA/AggieGPA.entitlements;
				CODE_SIGN_STYLE = Automatic;
				CURRENT_PROJECT_VERSION = 24;
				DEVELOPMENT_TEAM = LWND9UDGR2;
				ENABLE_PREVIEWS = YES;
				GENERATE_INFOPLIST_FILE = YES;
				INFOPLIST_KEY_CFBundleDisplayName = "Aggie GPA";
					INFOPLIST_KEY_LSApplicationCategoryType = "public.app-category.education";
					INFOPLIST_KEY_NSCameraUsageDescription = "Scan a syllabus on this device to extract grading rules.";
					INFOPLIST_KEY_NSFaceIDUsageDescription = "Use Face ID to unlock your private GPA records on this device.";
					INFOPLIST_KEY_NSSupportsLiveActivities = YES;
				"INFOPLIST_KEY_UIApplicationSceneManifest_Generation[sdk=iphoneos*]" = YES;
				"INFOPLIST_KEY_UIApplicationSceneManifest_Generation[sdk=iphonesimulator*]" = YES;
				"INFOPLIST_KEY_UIApplicationSupportsIndirectInputEvents[sdk=iphoneos*]" = YES;
				"INFOPLIST_KEY_UIApplicationSupportsIndirectInputEvents[sdk=iphonesimulator*]" = YES;
				"INFOPLIST_KEY_UILaunchScreen_Generation[sdk=iphoneos*]" = YES;
				"INFOPLIST_KEY_UILaunchScreen_Generation[sdk=iphonesimulator*]" = YES;
				"INFOPLIST_KEY_UIStatusBarStyle[sdk=iphoneos*]" = UIStatusBarStyleDefault;
				"INFOPLIST_KEY_UIStatusBarStyle[sdk=iphonesimulator*]" = UIStatusBarStyleDefault;
				INFOPLIST_KEY_UISupportedInterfaceOrientations_iPad = "UIInterfaceOrientationPortrait UIInterfaceOrientationPortraitUpsideDown UIInterfaceOrientationLandscapeLeft UIInterfaceOrientationLandscapeRight";
				INFOPLIST_KEY_UISupportedInterfaceOrientations_iPhone = "UIInterfaceOrientationPortrait UIInterfaceOrientationLandscapeLeft UIInterfaceOrientationLandscapeRight";
				LD_RUNPATH_SEARCH_PATHS = "@executable_path/Frameworks";
				"LD_RUNPATH_SEARCH_PATHS[sdk=macosx*]" = "@executable_path/../Frameworks";
				MARKETING_VERSION = 1.0.0;
				PRODUCT_BUNDLE_IDENTIFIER = com.easonzhou.aggiegpa;
				PRODUCT_NAME = "$(TARGET_NAME)";
				SDKROOT = iphoneos;
				STRING_CATALOG_GENERATE_SYMBOLS = YES;
				SUPPORTED_PLATFORMS = "iphoneos iphonesimulator";
				SWIFT_APPROACHABLE_CONCURRENCY = YES;
				SWIFT_DEFAULT_ACTOR_ISOLATION = MainActor;
				SWIFT_EMIT_LOC_STRINGS = YES;
				SWIFT_UPCOMING_FEATURE_MEMBER_IMPORT_VISIBILITY = YES;
				SWIFT_VERSION = 6.0;
				TARGETED_DEVICE_FAMILY = "1,2";
			};
			name = Release;
		};
		A00000000000000111000000 /* Debug configuration for PBXNativeTarget "AggieGPATests" */ = {
			isa = XCBuildConfiguration;
			buildSettings = {
				BUNDLE_LOADER = "$(TEST_HOST)";
				CODE_SIGN_STYLE = Automatic;
				GENERATE_INFOPLIST_FILE = YES;
				IPHONEOS_DEPLOYMENT_TARGET = 27.0;
				PRODUCT_BUNDLE_IDENTIFIER = com.easonzhou.aggiegpa.tests;
				PRODUCT_NAME = "$(TARGET_NAME)";
				SDKROOT = iphoneos;
				SUPPORTED_PLATFORMS = "iphoneos iphonesimulator";
				SWIFT_VERSION = 6.0;
				TARGETED_DEVICE_FAMILY = "1,2";
				TEST_HOST = "$(BUILT_PRODUCTS_DIR)/AggieGPA.app/$(BUNDLE_EXECUTABLE_FOLDER_PATH)/AggieGPA";
			};
			name = Debug;
		};
		A00000000000000112000000 /* Release configuration for PBXNativeTarget "AggieGPATests" */ = {
			isa = XCBuildConfiguration;
			buildSettings = {
				BUNDLE_LOADER = "$(TEST_HOST)";
				CODE_SIGN_STYLE = Automatic;
				GENERATE_INFOPLIST_FILE = YES;
				IPHONEOS_DEPLOYMENT_TARGET = 27.0;
				PRODUCT_BUNDLE_IDENTIFIER = com.easonzhou.aggiegpa.tests;
				PRODUCT_NAME = "$(TARGET_NAME)";
				SDKROOT = iphoneos;
				SUPPORTED_PLATFORMS = "iphoneos iphonesimulator";
				SWIFT_VERSION = 6.0;
				TARGETED_DEVICE_FAMILY = "1,2";
				TEST_HOST = "$(BUILT_PRODUCTS_DIR)/AggieGPA.app/$(BUNDLE_EXECUTABLE_FOLDER_PATH)/AggieGPA";
			};
			name = Release;
		};
		B00000000000000111000000 /* Debug configuration for PBXNativeTarget "AggieGPAUITests" */ = {
			isa = XCBuildConfiguration;
			buildSettings = {
				CODE_SIGN_STYLE = Automatic;
				GENERATE_INFOPLIST_FILE = YES;
				IPHONEOS_DEPLOYMENT_TARGET = 27.0;
				PRODUCT_BUNDLE_IDENTIFIER = com.easonzhou.aggiegpa.uitests;
				PRODUCT_NAME = "$(TARGET_NAME)";
				SDKROOT = iphoneos;
				SUPPORTED_PLATFORMS = "iphoneos iphonesimulator";
				SWIFT_VERSION = 6.0;
				TARGETED_DEVICE_FAMILY = "1,2";
				TEST_TARGET_NAME = AggieGPA;
			};
			name = Debug;
		};
		B00000000000000112000000 /* Release configuration for PBXNativeTarget "AggieGPAUITests" */ = {
			isa = XCBuildConfiguration;
			buildSettings = {
				CODE_SIGN_STYLE = Automatic;
				GENERATE_INFOPLIST_FILE = YES;
				IPHONEOS_DEPLOYMENT_TARGET = 27.0;
				PRODUCT_BUNDLE_IDENTIFIER = com.easonzhou.aggiegpa.uitests;
				PRODUCT_NAME = "$(TARGET_NAME)";
				SDKROOT = iphoneos;
				SUPPORTED_PLATFORMS = "iphoneos iphonesimulator";
				SWIFT_VERSION = 6.0;
				TARGETED_DEVICE_FAMILY = "1,2";
				TEST_TARGET_NAME = AggieGPA;
			};
			name = Release;
		};
		F00000000000000111000000 /* Debug configuration for PBXNativeTarget "AggieGPADownloadActivityWidget" */ = {
			isa = XCBuildConfiguration;
			buildSettings = {
				CODE_SIGN_STYLE = Automatic;
				CURRENT_PROJECT_VERSION = 24;
				DEVELOPMENT_TEAM = LWND9UDGR2;
				GENERATE_INFOPLIST_FILE = NO;
				INFOPLIST_KEY_CFBundleDisplayName = "Aggie GPA Downloads";
				INFOPLIST_KEY_NSSupportsLiveActivities = YES;
				INFOPLIST_FILE = AggieGPADownloadActivityWidget-Info.plist;
				IPHONEOS_DEPLOYMENT_TARGET = 27.0;
				MARKETING_VERSION = 1.0.0;
				PRODUCT_BUNDLE_IDENTIFIER = com.easonzhou.aggiegpa.downloadactivity;
				PRODUCT_NAME = "$(TARGET_NAME)";
				SDKROOT = iphoneos;
				SKIP_INSTALL = YES;
				SUPPORTED_PLATFORMS = "iphoneos iphonesimulator";
				SWIFT_DEFAULT_ACTOR_ISOLATION = MainActor;
				SWIFT_EMIT_LOC_STRINGS = YES;
				SWIFT_VERSION = 6.0;
				TARGETED_DEVICE_FAMILY = "1,2";
			};
			name = Debug;
		};
		F00000000000000112000000 /* Release configuration for PBXNativeTarget "AggieGPADownloadActivityWidget" */ = {
			isa = XCBuildConfiguration;
			buildSettings = {
				CODE_SIGN_STYLE = Automatic;
				CURRENT_PROJECT_VERSION = 24;
				DEVELOPMENT_TEAM = LWND9UDGR2;
				GENERATE_INFOPLIST_FILE = NO;
				INFOPLIST_KEY_CFBundleDisplayName = "Aggie GPA Downloads";
				INFOPLIST_KEY_NSSupportsLiveActivities = YES;
				INFOPLIST_FILE = AggieGPADownloadActivityWidget-Info.plist;
				IPHONEOS_DEPLOYMENT_TARGET = 27.0;
				MARKETING_VERSION = 1.0.0;
				PRODUCT_BUNDLE_IDENTIFIER = com.easonzhou.aggiegpa.downloadactivity;
				PRODUCT_NAME = "$(TARGET_NAME)";
				SDKROOT = iphoneos;
				SKIP_INSTALL = YES;
				SUPPORTED_PLATFORMS = "iphoneos iphonesimulator";
				SWIFT_DEFAULT_ACTOR_ISOLATION = MainActor;
				SWIFT_EMIT_LOC_STRINGS = YES;
				SWIFT_VERSION = 6.0;
				TARGETED_DEVICE_FAMILY = "1,2";
			};
			name = Release;
		};
/* End XCBuildConfiguration section */

/* Begin XCConfigurationList section */
		000000000000000010000000 /* Build configuration list for PBXProject "AggieGPA" */ = {
			isa = XCConfigurationList;
			buildConfigurations = (
				000000000000000011000000 /* Debug configuration for PBXProject "AggieGPA" */,
				000000000000000012000000 /* Release configuration for PBXProject "AggieGPA" */,
			);
			defaultConfigurationName = Release;
		};
		000000000000000110000000 /* Build configuration list for PBXNativeTarget "AggieGPA" */ = {
			isa = XCConfigurationList;
			buildConfigurations = (
				000000000000000111000000 /* Debug configuration for PBXNativeTarget "AggieGPA" */,
				000000000000000112000000 /* Release configuration for PBXNativeTarget "AggieGPA" */,
			);
			defaultConfigurationName = Release;
		};
		A00000000000000110000000 /* Build configuration list for PBXNativeTarget "AggieGPATests" */ = {
			isa = XCConfigurationList;
			buildConfigurations = (
				A00000000000000111000000 /* Debug configuration for PBXNativeTarget "AggieGPATests" */,
				A00000000000000112000000 /* Release configuration for PBXNativeTarget "AggieGPATests" */,
			);
			defaultConfigurationName = Release;
		};
		B00000000000000110000000 /* Build configuration list for PBXNativeTarget "AggieGPAUITests" */ = {
			isa = XCConfigurationList;
			buildConfigurations = (
				B00000000000000111000000 /* Debug configuration for PBXNativeTarget "AggieGPAUITests" */,
				B00000000000000112000000 /* Release configuration for PBXNativeTarget "AggieGPAUITests" */,
			);
			defaultConfigurationName = Release;
		};
		F00000000000000110000000 /* Build configuration list for PBXNativeTarget "AggieGPADownloadActivityWidget" */ = {
			isa = XCConfigurationList;
			buildConfigurations = (
				F00000000000000111000000 /* Debug configuration for PBXNativeTarget "AggieGPADownloadActivityWidget" */,
				F00000000000000112000000 /* Release configuration for PBXNativeTarget "AggieGPADownloadActivityWidget" */,
			);
			defaultConfigurationName = Release;
		};
/* End XCConfigurationList section */

/* Begin XCLocalSwiftPackageReference section */
		D00000000000000000000001 /* XCLocalSwiftPackageReference "ThirdParty/ThinkingOrbsKit" */ = {
			isa = XCLocalSwiftPackageReference;
			relativePath = ThirdParty/ThinkingOrbsKit;
		};
/* End XCLocalSwiftPackageReference section */

/* Begin XCRemoteSwiftPackageReference section */
		E00000000000000000000001 /* XCRemoteSwiftPackageReference "swift-snapshot-testing" */ = {
			isa = XCRemoteSwiftPackageReference;
			repositoryURL = "https://github.com/pointfreeco/swift-snapshot-testing.git";
			requirement = {
				kind = exactVersion;
				version = 1.19.4;
			};
		};
/* End XCRemoteSwiftPackageReference section */

/* Begin XCSwiftPackageProductDependency section */
		D00000000000000000000002 /* ThinkingOrbsKit */ = {
			isa = XCSwiftPackageProductDependency;
			package = D00000000000000000000001 /* XCLocalSwiftPackageReference "ThirdParty/ThinkingOrbsKit" */;
			productName = ThinkingOrbsKit;
		};
		E00000000000000000000002 /* SnapshotTesting */ = {
			isa = XCSwiftPackageProductDependency;
			package = E00000000000000000000001 /* XCRemoteSwiftPackageReference "swift-snapshot-testing" */;
			productName = SnapshotTesting;
		};
/* End XCSwiftPackageProductDependency section */
	};
	rootObject = 000000000000000000000000 /* Project object */;
}
